// !$*UTF8*$!
{
	archiveVersion = 1;
	classes = {
	};
	objectVersion = 56;
	objects = {

/* Begin PBXBuildFile section */
		06893029F286E0FF28E5A805 /* Pods_DStoreApp.framework in Frameworks */ = {isa = PBXBuildFile; fileRef = 7B9CDFF25BC459E55CFEA949 /* Pods_DStoreApp.framework */; };
		4C2F04442A3BFE3B0006410E /* CashTitleBanner.swift in Sources */ = {isa = PBXBuildFile; fileRef = 4C2F04432A3BFE3B0006410E /* CashTitleBanner.swift */; };
		4C2F04472A3C09FE0006410E /* DetailItemView.swift in Sources */ = {isa = PBXBuildFile; fileRef = 4C2F04462A3C09FE0006410E /* DetailItemView.swift */; };
		4C2F04492A3C0A060006410E /* DetailItemViewController.swift in Sources */ = {isa = PBXBuildFile; fileRef = 4C2F04482A3C0A060006410E /* DetailItemViewController.swift */; };
		4C2F04502A3F8B2F0006410E /* AppCosntants.swift in Sources */ = {isa = PBXBuildFile; fileRef = 4C2F044F2A3F8B2F0006410E /* AppCosntants.swift */; };
		4C2F04522A3F99270006410E /* String+Extension.swift in Sources */ = {isa = PBXBuildFile; fileRef = 4C2F04512A3F99270006410E /* String+Extension.swift */; };
		4C2F04542A3F99550006410E /* Dictionary+Extensions.swift in Sources */ = {isa = PBXBuildFile; fileRef = 4C2F04532A3F99550006410E /* Dictionary+Extensions.swift */; };
		4C2F04562A3F9A870006410E /* NSAttributedString+Extension.swift in Sources */ = {isa = PBXBuildFile; fileRef = 4C2F04552A3F9A870006410E /* NSAttributedString+Extension.swift */; };
		4C2F04582A3F9C980006410E /* Colors.xcassets in Resources */ = {isa = PBXBuildFile; fileRef = 4C2F04572A3F9C980006410E /* Colors.xcassets */; };
		4C2F045A2A3F9CE20006410E /* UIColor+Extension.swift in Sources */ = {isa = PBXBuildFile; fileRef = 4C2F04592A3F9CE20006410E /* UIColor+Extension.swift */; };
		4C2F04702A3FEE460006410E /* AlertViewController.swift in Sources */ = {isa = PBXBuildFile; fileRef = 4C2F046F2A3FEE460006410E /* AlertViewController.swift */; };
		4C2F04722A3FEE4E0006410E /* AlertView.swift in Sources */ = {isa = PBXBuildFile; fileRef = 4C2F04712A3FEE4E0006410E /* AlertView.swift */; };
		4C2F04AC2A409D160006410E /* Localizable.strings in Resources */ = {isa = PBXBuildFile; fileRef = 4C2F04AE2A409D160006410E /* Localizable.strings */; };
		4C2F04B12A409D2B0006410E /* Localizable.strings in Resources */ = {isa = PBXBuildFile; fileRef = 4C2F04B32A409D2B0006410E /* Localizable.strings */; };
		4CADA18D2A38FC5400ADBD1A /* AppDelegate.swift in Sources */ = {isa = PBXBuildFile; fileRef = 4CADA18C2A38FC5400ADBD1A /* AppDelegate.swift */; };
		4CADA1962A38FC5700ADBD1A /* Assets.xcassets in Resources */ = {isa = PBXBuildFile; fileRef = 4CADA1952A38FC5700ADBD1A /* Assets.xcassets */; };
		4CADA1992A38FC5700ADBD1A /* LaunchScreen.storyboard in Resources */ = {isa = PBXBuildFile; fileRef = 4CADA1972A38FC5700ADBD1A /* LaunchScreen.storyboard */; };
		4CADA1A42A38FC5700ADBD1A /* DStoreAppTests.swift in Sources */ = {isa = PBXBuildFile; fileRef = 4CADA1A32A38FC5700ADBD1A /* DStoreAppTests.swift */; };
		4CADA1AE2A38FC5700ADBD1A /* DStoreAppUITests.swift in Sources */ = {isa = PBXBuildFile; fileRef = 4CADA1AD2A38FC5700ADBD1A /* DStoreAppUITests.swift */; };
		4CADA1B02A38FC5700ADBD1A /* DStoreAppUITestsLaunchTests.swift in Sources */ = {isa = PBXBuildFile; fileRef = 4CADA1AF2A38FC5700ADBD1A /* DStoreAppUITestsLaunchTests.swift */; };
		4CADA1E12A394A4300ADBD1A /* BaseViewModel.swift in Sources */ = {isa = PBXBuildFile; fileRef = 4CADA1E02A394A4300ADBD1A /* BaseViewModel.swift */; };
		4CADA1E32A394A4C00ADBD1A /* BaseView.swift in Sources */ = {isa = PBXBuildFile; fileRef = 4CADA1E22A394A4C00ADBD1A /* BaseView.swift */; };
		4CADA1E52A394ACD00ADBD1A /* HasCustomView.swift in Sources */ = {isa = PBXBuildFile; fileRef = 4CADA1E42A394ACD00ADBD1A /* HasCustomView.swift */; };
		4CADA1E72A394B0200ADBD1A /* UIViewController+Extension.swift in Sources */ = {isa = PBXBuildFile; fileRef = 4CADA1E62A394B0200ADBD1A /* UIViewController+Extension.swift */; };
		4CADA1F52A39505900ADBD1A /* HomeViewModel.swift in Sources */ = {isa = PBXBuildFile; fileRef = 4CADA1F22A39505800ADBD1A /* HomeViewModel.swift */; };
		4CADA1F62A39505900ADBD1A /* HomeViewController.swift in Sources */ = {isa = PBXBuildFile; fileRef = 4CADA1F32A39505800ADBD1A /* HomeViewController.swift */; };
		4CADA1F72A39505900ADBD1A /* HomeView.swift in Sources */ = {isa = PBXBuildFile; fileRef = 4CADA1F42A39505900ADBD1A /* HomeView.swift */; };
		4CF1B1142A3A415600456889 /* Store.swift in Sources */ = {isa = PBXBuildFile; fileRef = 4CF1B1132A3A415600456889 /* Store.swift */; };
		4CF1B1162A3A46DD00456889 /* Product.swift in Sources */ = {isa = PBXBuildFile; fileRef = 4CF1B1152A3A46DD00456889 /* Product.swift */; };
		4CF1B1182A3A46EA00456889 /* Spotlight.swift in Sources */ = {isa = PBXBuildFile; fileRef = 4CF1B1172A3A46EA00456889 /* Spotlight.swift */; };
		4CF1B11A2A3A46F600456889 /* Cash.swift in Sources */ = {isa = PBXBuildFile; fileRef = 4CF1B1192A3A46F600456889 /* Cash.swift */; };
		4CF1B1212A3A521400456889 /* StoreRepository.swift in Sources */ = {isa = PBXBuildFile; fileRef = 4CF1B1202A3A521400456889 /* StoreRepository.swift */; };
		4CF1B1232A3A524800456889 /* NetworkManager.swift in Sources */ = {isa = PBXBuildFile; fileRef = 4CF1B1222A3A524800456889 /* NetworkManager.swift */; };
		4CF1B1262A3A531800456889 /* NetworkErrors.swift in Sources */ = {isa = PBXBuildFile; fileRef = 4CF1B1252A3A531800456889 /* NetworkErrors.swift */; };
		4CF1B1292A3AA21900456889 /* ApiConstants.swift in Sources */ = {isa = PBXBuildFile; fileRef = 4CF1B1282A3AA21900456889 /* ApiConstants.swift */; };
		4CF1B12C2A3AAE7A00456889 /* SpotlightCollectionViewCell.swift in Sources */ = {isa = PBXBuildFile; fileRef = 4CF1B12B2A3AAE7A00456889 /* SpotlightCollectionViewCell.swift */; };
		4CF1B12E2A3AAE8D00456889 /* ProductCollectionViewCell.swift in Sources */ = {isa = PBXBuildFile; fileRef = 4CF1B12D2A3AAE8D00456889 /* ProductCollectionViewCell.swift */; };
		4CF1B1302A3AB04000456889 /* UICollectionViewCell+Extension.swift in Sources */ = {isa = PBXBuildFile; fileRef = 4CF1B12F2A3AB04000456889 /* UICollectionViewCell+Extension.swift */; };
		4CF1B1322A3B461B00456889 /* UIImageView+Extension.swift in Sources */ = {isa = PBXBuildFile; fileRef = 4CF1B1312A3B461B00456889 /* UIImageView+Extension.swift */; };
		89675B147D785324BA0391FF /* Pods_DStoreAppTests.framework in Frameworks */ = {isa = PBXBuildFile; fileRef = FCDB533A0A34BC1B080A4BBF /* Pods_DStoreAppTests.framework */; };
		C664A940E1904C359D771A14 /* Pods_DStoreApp_DStoreAppUITests.framework in Frameworks */ = {isa = PBXBuildFile; fileRef = D2FAB65207435AD2EE05B3FE /* Pods_DStoreApp_DStoreAppUITests.framework */; };
/* End PBXBuildFile section */

/* Begin PBXContainerItemProxy section */
		4CADA1A02A38FC5700ADBD1A /* PBXContainerItemProxy */ = {
			isa = PBXContainerItemProxy;
			containerPortal = 4CADA1812A38FC5400ADBD1A /* Project object */;
			proxyType = 1;
			remoteGlobalIDString = 4CADA1882A38FC5400ADBD1A;
			remoteInfo = DStoreApp;
		};
		4CADA1AA2A38FC5700ADBD1A /* PBXContainerItemProxy */ = {
			isa = PBXContainerItemProxy;
			containerPortal = 4CADA1812A38FC5400ADBD1A /* Project object */;
			proxyType = 1;
			remoteGlobalIDString = 4CADA1882A38FC5400ADBD1A;
			remoteInfo = DStoreApp;
		};
/* End PBXContainerItemProxy section */

/* Begin PBXFileReference section */
		41F4429C4B794451D5D588FF /* Pods-DStoreAppTests.release.xcconfig */ = {isa = PBXFileReference; includeInIndex = 1; lastKnownFileType = text.xcconfig; name = "Pods-DStoreAppTests.release.xcconfig"; path = "Target Support Files/Pods-DStoreAppTests/Pods-DStoreAppTests.release.xcconfig"; sourceTree = "<group>"; };
		4C2F04432A3BFE3B0006410E /* CashTitleBanner.swift */ = {isa = PBXFileReference; lastKnownFileType = sourcecode.swift; path = CashTitleBanner.swift; sourceTree = "<group>"; };
		4C2F04462A3C09FE0006410E /* DetailItemView.swift */ = {isa = PBXFileReference; lastKnownFileType = sourcecode.swift; path = DetailItemView.swift; sourceTree = "<group>"; };
		4C2F04482A3C0A060006410E /* DetailItemViewController.swift */ = {isa = PBXFileReference; lastKnownFileType = sourcecode.swift; path = DetailItemViewController.swift; sourceTree = "<group>"; };
		4C2F044F2A3F8B2F0006410E /* AppCosntants.swift */ = {isa = PBXFileReference; lastKnownFileType = sourcecode.swift; path = AppCosntants.swift; sourceTree = "<group>"; };
		4C2F04512A3F99270006410E /* String+Extension.swift */ = {isa = PBXFileReference; lastKnownFileType = sourcecode.swift; path = "String+Extension.swift"; sourceTree = "<group>"; };
		4C2F04532A3F99550006410E /* Dictionary+Extensions.swift */ = {isa = PBXFileReference; lastKnownFileType = sourcecode.swift; path = "Dictionary+Extensions.swift"; sourceTree = "<group>"; };
		4C2F04552A3F9A870006410E /* NSAttributedString+Extension.swift */ = {isa = PBXFileReference; lastKnownFileType = sourcecode.swift; path = "NSAttributedString+Extension.swift"; sourceTree = "<group>"; };
		4C2F04572A3F9C980006410E /* Colors.xcassets */ = {isa = PBXFileReference; lastKnownFileType = folder.assetcatalog; path = Colors.xcassets; sourceTree = "<group>"; };
		4C2F04592A3F9CE20006410E /* UIColor+Extension.swift */ = {isa = PBXFileReference; lastKnownFileType = sourcecode.swift; path = "UIColor+Extension.swift"; sourceTree = "<group>"; };
		4C2F046F2A3FEE460006410E /* AlertViewController.swift */ = {isa = PBXFileReference; lastKnownFileType = sourcecode.swift; path = AlertViewController.swift; sourceTree = "<group>"; };
		4C2F04712A3FEE4E0006410E /* AlertView.swift */ = {isa = PBXFileReference; lastKnownFileType = sourcecode.swift; path = AlertView.swift; sourceTree = "<group>"; };
		4C2F04A82A409C710006410E /* pt-BR */ = {isa = PBXFileReference; lastKnownFileType = text.plist.strings; name = "pt-BR"; path = "pt-BR.lproj/LaunchScreen.strings"; sourceTree = "<group>"; };
		4C2F04AD2A409D160006410E /* en */ = {isa = PBXFileReference; lastKnownFileType = text.plist.strings; name = en; path = en.lproj/Localizable.strings; sourceTree = "<group>"; };
		4C2F04B22A409D2B0006410E /* pt-BR */ = {isa = PBXFileReference; lastKnownFileType = text.plist.strings; name = "pt-BR"; path = "pt-BR.lproj/Localizable.strings"; sourceTree = "<group>"; };
		4CADA1892A38FC5400ADBD1A /* DStoreApp.app */ = {isa = PBXFileReference; explicitFileType = wrapper.application; includeInIndex = 0; path = DStoreApp.app; sourceTree = BUILT_PRODUCTS_DIR; };
		4CADA18C2A38FC5400ADBD1A /* AppDelegate.swift */ = {isa = PBXFileReference; lastKnownFileType = sourcecode.swift; path = AppDelegate.swift; sourceTree = "<group>"; };
		4CADA1952A38FC5700ADBD1A /* Assets.xcassets */ = {isa = PBXFileReference; lastKnownFileType = folder.assetcatalog; path = Assets.xcassets; sourceTree = "<group>"; };
		4CADA1982A38FC5700ADBD1A /* Base */ = {isa = PBXFileReference; lastKnownFileType = file.storyboard; name = Base; path = Base.lproj/LaunchScreen.storyboard; sourceTree = "<group>"; };
		4CADA19A2A38FC5700ADBD1A /* Info.plist */ = {isa = PBXFileReference; lastKnownFileType = text.plist.xml; path = Info.plist; sourceTree = "<group>"; };
		4CADA19F2A38FC5700ADBD1A /* DStoreAppTests.xctest */ = {isa = PBXFileReference; explicitFileType = wrapper.cfbundle; includeInIndex = 0; path = DStoreAppTests.xctest; sourceTree = BUILT_PRODUCTS_DIR; };
		4CADA1A32A38FC5700ADBD1A /* DStoreAppTests.swift */ = {isa = PBXFileReference; lastKnownFileType = sourcecode.swift; path = DStoreAppTests.swift; sourceTree = "<group>"; };
		4CADA1A92A38FC5700ADBD1A /* DStoreAppUITests.xctest */ = {isa = PBXFileReference; explicitFileType = wrapper.cfbundle; includeInIndex = 0; path = DStoreAppUITests.xctest; sourceTree = BUILT_PRODUCTS_DIR; };
		4CADA1AD2A38FC5700ADBD1A /* DStoreAppUITests.swift */ = {isa = PBXFileReference; lastKnownFileType = sourcecode.swift; path = DStoreAppUITests.swift; sourceTree = "<group>"; };
		4CADA1AF2A38FC5700ADBD1A /* DStoreAppUITestsLaunchTests.swift */ = {isa = PBXFileReference; lastKnownFileType = sourcecode.swift; path = DStoreAppUITestsLaunchTests.swift; sourceTree = "<group>"; };
		4CADA1E02A394A4300ADBD1A /* BaseViewModel.swift */ = {isa = PBXFileReference; lastKnownFileType = sourcecode.swift; path = BaseViewModel.swift; sourceTree = "<group>"; };
		4CADA1E22A394A4C00ADBD1A /* BaseView.swift */ = {isa = PBXFileReference; lastKnownFileType = sourcecode.swift; path = BaseView.swift; sourceTree = "<group>"; };
		4CADA1E42A394ACD00ADBD1A /* HasCustomView.swift */ = {isa = PBXFileReference; lastKnownFileType = sourcecode.swift; path = HasCustomView.swift; sourceTree = "<group>"; };
		4CADA1E62A394B0200ADBD1A /* UIViewController+Extension.swift */ = {isa = PBXFileReference; lastKnownFileType = sourcecode.swift; path = "UIViewController+Extension.swift"; sourceTree = "<group>"; };
		4CADA1F22A39505800ADBD1A /* HomeViewModel.swift */ = {isa = PBXFileReference; fileEncoding = 4; lastKnownFileType = sourcecode.swift; path = HomeViewModel.swift; sourceTree = "<group>"; };
		4CADA1F32A39505800ADBD1A /* HomeViewController.swift */ = {isa = PBXFileReference; fileEncoding = 4; lastKnownFileType = sourcecode.swift; path = HomeViewController.swift; sourceTree = "<group>"; };
		4CADA1F42A39505900ADBD1A /* HomeView.swift */ = {isa = PBXFileReference; fileEncoding = 4; lastKnownFileType = sourcecode.swift; path = HomeView.swift; sourceTree = "<group>"; };
		4CF1B1132A3A415600456889 /* Store.swift */ = {isa = PBXFileReference; lastKnownFileType = sourcecode.swift; path = Store.swift; sourceTree = "<group>"; };
		4CF1B1152A3A46DD00456889 /* Product.swift */ = {isa = PBXFileReference; lastKnownFileType = sourcecode.swift; path = Product.swift; sourceTree = "<group>"; };
		4CF1B1172A3A46EA00456889 /* Spotlight.swift */ = {isa = PBXFileReference; lastKnownFileType = sourcecode.swift; path = Spotlight.swift; sourceTree = "<group>"; };
		4CF1B1192A3A46F600456889 /* Cash.swift */ = {isa = PBXFileReference; lastKnownFileType = sourcecode.swift; path = Cash.swift; sourceTree = "<group>"; };
		4CF1B1202A3A521400456889 /* StoreRepository.swift */ = {isa = PBXFileReference; lastKnownFileType = sourcecode.swift; path = StoreRepository.swift; sourceTree = "<group>"; };
		4CF1B1222A3A524800456889 /* NetworkManager.swift */ = {isa = PBXFileReference; lastKnownFileType = sourcecode.swift; path = NetworkManager.swift; sourceTree = "<group>"; };
		4CF1B1252A3A531800456889 /* NetworkErrors.swift */ = {isa = PBXFileReference; lastKnownFileType = sourcecode.swift; path = NetworkErrors.swift; sourceTree = "<group>"; };
		4CF1B1282A3AA21900456889 /* ApiConstants.swift */ = {isa = PBXFileReference; lastKnownFileType = sourcecode.swift; path = ApiConstants.swift; sourceTree = "<group>"; };
		4CF1B12B2A3AAE7A00456889 /* SpotlightCollectionViewCell.swift */ = {isa = PBXFileReference; lastKnownFileType = sourcecode.swift; path = SpotlightCollectionViewCell.swift; sourceTree = "<group>"; };
		4CF1B12D2A3AAE8D00456889 /* ProductCollectionViewCell.swift */ = {isa = PBXFileReference; lastKnownFileType = sourcecode.swift; path = ProductCollectionViewCell.swift; sourceTree = "<group>"; };
		4CF1B12F2A3AB04000456889 /* UICollectionViewCell+Extension.swift */ = {isa = PBXFileReference; lastKnownFileType = sourcecode.swift; path = "UICollectionViewCell+Extension.swift"; sourceTree = "<group>"; };
		4CF1B1312A3B461B00456889 /* UIImageView+Extension.swift */ = {isa = PBXFileReference; lastKnownFileType = sourcecode.swift; path = "UIImageView+Extension.swift"; sourceTree = "<group>"; };
		6CA4BCD17F89732AC03202FB /* Pods-DStoreApp-DStoreAppUITests.debug.xcconfig */ = {isa = PBXFileReference; includeInIndex = 1; lastKnownFileType = text.xcconfig; name = "Pods-DStoreApp-DStoreAppUITests.debug.xcconfig"; path = "Target Support Files/Pods-DStoreApp-DStoreAppUITests/Pods-DStoreApp-DStoreAppUITests.debug.xcconfig"; sourceTree = "<group>"; };
		7B9CDFF25BC459E55CFEA949 /* Pods_DStoreApp.framework */ = {isa = PBXFileReference; explicitFileType = wrapper.framework; includeInIndex = 0; path = Pods_DStoreApp.framework; sourceTree = BUILT_PRODUCTS_DIR; };
		B3C988E30CE07F2AA62D7CEB /* Pods-DStoreAppTests.debug.xcconfig */ = {isa = PBXFileReference; includeInIndex = 1; lastKnownFileType = text.xcconfig; name = "Pods-DStoreAppTests.debug.xcconfig"; path = "Target Support Files/Pods-DStoreAppTests/Pods-DStoreAppTests.debug.xcconfig"; sourceTree = "<group>"; };
		BB26E311DA9FD004FCD74EBF /* Pods-DStoreApp-DStoreAppUITests.release.xcconfig */ = {isa = PBXFileReference; includeInIndex = 1; lastKnownFileType = text.xcconfig; name = "Pods-DStoreApp-DStoreAppUITests.release.xcconfig"; path = "Target Support Files/Pods-DStoreApp-DStoreAppUITests/Pods-DStoreApp-DStoreAppUITests.release.xcconfig"; sourceTree = "<group>"; };
		C21A067FB1A6EA57445F1F51 /* Pods-DStoreApp.release.xcconfig */ = {isa = PBXFileReference; includeInIndex = 1; lastKnownFileType = text.xcconfig; name = "Pods-DStoreApp.release.xcconfig"; path = "Target Support Files/Pods-DStoreApp/Pods-DStoreApp.release.xcconfig"; sourceTree = "<group>"; };
		D2FAB65207435AD2EE05B3FE /* Pods_DStoreApp_DStoreAppUITests.framework */ = {isa = PBXFileReference; explicitFileType = wrapper.framework; includeInIndex = 0; path = Pods_DStoreApp_DStoreAppUITests.framework; sourceTree = BUILT_PRODUCTS_DIR; };
		EC04CAE0F9F8D6E8FC49D548 /* Pods-DStoreApp.debug.xcconfig */ = {isa = PBXFileReference; includeInIndex = 1; lastKnownFileType = text.xcconfig; name = "Pods-DStoreApp.debug.xcconfig"; path = "Target Support Files/Pods-DStoreApp/Pods-DStoreApp.debug.xcconfig"; sourceTree = "<group>"; };
		FCDB533A0A34BC1B080A4BBF /* Pods_DStoreAppTests.framework */ = {isa = PBXFileReference; explicitFileType = wrapper.framework; includeInIndex = 0; path = Pods_DStoreAppTests.framework; sourceTree = BUILT_PRODUCTS_DIR; };
/* End PBXFileReference section */

/* Begin PBXFrameworksBuildPhase section */
		4CADA1862A38FC5400ADBD1A /* Frameworks */ = {
			isa = PBXFrameworksBuildPhase;
			buildActionMask = 2147483647;
			files = (
				06893029F286E0FF28E5A805 /* Pods_DStoreApp.framework in Frameworks */,
			);
			runOnlyForDeploymentPostprocessing = 0;
		};
		4CADA19C2A38FC5700ADBD1A /* Frameworks */ = {
			isa = PBXFrameworksBuildPhase;
			buildActionMask = 2147483647;
			files = (
				89675B147D785324BA0391FF /* Pods_DStoreAppTests.framework in Frameworks */,
			);
			runOnlyForDeploymentPostprocessing = 0;
		};
		4CADA1A62A38FC5700ADBD1A /* Frameworks */ = {
			isa = PBXFrameworksBuildPhase;
			buildActionMask = 2147483647;
			files = (
				C664A940E1904C359D771A14 /* Pods_DStoreApp_DStoreAppUITests.framework in Frameworks */,
			);
			runOnlyForDeploymentPostprocessing = 0;
		};
/* End PBXFrameworksBuildPhase section */

/* Begin PBXGroup section */
		0ADA14EC46DF256B1D20944B /* Pods */ = {
			isa = PBXGroup;
			children = (
				EC04CAE0F9F8D6E8FC49D548 /* Pods-DStoreApp.debug.xcconfig */,
				C21A067FB1A6EA57445F1F51 /* Pods-DStoreApp.release.xcconfig */,
				6CA4BCD17F89732AC03202FB /* Pods-DStoreApp-DStoreAppUITests.debug.xcconfig */,
				BB26E311DA9FD004FCD74EBF /* Pods-DStoreApp-DStoreAppUITests.release.xcconfig */,
				B3C988E30CE07F2AA62D7CEB /* Pods-DStoreAppTests.debug.xcconfig */,
				41F4429C4B794451D5D588FF /* Pods-DStoreAppTests.release.xcconfig */,
			);
			path = Pods;
			sourceTree = "<group>";
		};
		4C2F04422A3BFE220006410E /* Components */ = {
			isa = PBXGroup;
			children = (
				4C2F04432A3BFE3B0006410E /* CashTitleBanner.swift */,
			);
			path = Components;
			sourceTree = "<group>";
		};
		4C2F04452A3C09E80006410E /* DetailsItem */ = {
			isa = PBXGroup;
			children = (
				4C2F04462A3C09FE0006410E /* DetailItemView.swift */,
				4C2F04482A3C0A060006410E /* DetailItemViewController.swift */,
			);
			path = DetailsItem;
			sourceTree = "<group>";
		};
		4C2F044E2A3F8B250006410E /* Constants */ = {
			isa = PBXGroup;
			children = (
				4C2F044F2A3F8B2F0006410E /* AppCosntants.swift */,
			);
			path = Constants;
			sourceTree = "<group>";
		};
		4C2F046E2A3FEE380006410E /* Alert */ = {
			isa = PBXGroup;
			children = (
				4C2F046F2A3FEE460006410E /* AlertViewController.swift */,
				4C2F04712A3FEE4E0006410E /* AlertView.swift */,
			);
			path = Alert;
			sourceTree = "<group>";
		};
		4C2F04A92A409CD80006410E /* Localizable */ = {
			isa = PBXGroup;
			children = (
				4C2F04AE2A409D160006410E /* Localizable.strings */,
				4C2F04B32A409D2B0006410E /* Localizable.strings */,
			);
			path = Localizable;
			sourceTree = "<group>";
		};
		4CADA1802A38FC5400ADBD1A = {
			isa = PBXGroup;
			children = (
				4CADA18B2A38FC5400ADBD1A /* DStoreApp */,
				4CADA1A22A38FC5700ADBD1A /* DStoreAppTests */,
				4CADA1AC2A38FC5700ADBD1A /* DStoreAppUITests */,
				4CADA18A2A38FC5400ADBD1A /* Products */,
				0ADA14EC46DF256B1D20944B /* Pods */,
				776C1126C337C945B2D05F2F /* Frameworks */,
			);
			sourceTree = "<group>";
		};
		4CADA18A2A38FC5400ADBD1A /* Products */ = {
			isa = PBXGroup;
			children = (
				4CADA1892A38FC5400ADBD1A /* DStoreApp.app */,
				4CADA19F2A38FC5700ADBD1A /* DStoreAppTests.xctest */,
				4CADA1A92A38FC5700ADBD1A /* DStoreAppUITests.xctest */,
			);
			name = Products;
			sourceTree = "<group>";
		};
		4CADA18B2A38FC5400ADBD1A /* DStoreApp */ = {
			isa = PBXGroup;
			children = (
				4CF1B11B2A3A4C8000456889 /* Network */,
				4CF1B1122A3A3F6B00456889 /* Models */,
				4CADA1F82A39506A00ADBD1A /* Resources */,
				4CADA1F12A39500F00ADBD1A /* App */,
				4CADA1DD2A394A1E00ADBD1A /* Comuns */,
				4CADA1D52A39463200ADBD1A /* Scenes */,
			);
			path = DStoreApp;
			sourceTree = "<group>";
		};
		4CADA1A22A38FC5700ADBD1A /* DStoreAppTests */ = {
			isa = PBXGroup;
			children = (
				4CADA1A32A38FC5700ADBD1A /* DStoreAppTests.swift */,
			);
			path = DStoreAppTests;
			sourceTree = "<group>";
		};
		4CADA1AC2A38FC5700ADBD1A /* DStoreAppUITests */ = {
			isa = PBXGroup;
			children = (
				4CADA1AD2A38FC5700ADBD1A /* DStoreAppUITests.swift */,
				4CADA1AF2A38FC5700ADBD1A /* DStoreAppUITestsLaunchTests.swift */,
			);
			path = DStoreAppUITests;
			sourceTree = "<group>";
		};
		4CADA1D52A39463200ADBD1A /* Scenes */ = {
			isa = PBXGroup;
			children = (
				4C2F046E2A3FEE380006410E /* Alert */,
				4C2F04452A3C09E80006410E /* DetailsItem */,
				4CADA1D62A39467400ADBD1A /* Home */,
			);
			path = Scenes;
			sourceTree = "<group>";
		};
		4CADA1D62A39467400ADBD1A /* Home */ = {
			isa = PBXGroup;
			children = (
				4CF1B12A2A3AAE6400456889 /* Cell */,
				4CADA1F42A39505900ADBD1A /* HomeView.swift */,
				4CADA1F32A39505800ADBD1A /* HomeViewController.swift */,
				4CADA1F22A39505800ADBD1A /* HomeViewModel.swift */,
			);
			path = Home;
			sourceTree = "<group>";
		};
		4CADA1DD2A394A1E00ADBD1A /* Comuns */ = {
			isa = PBXGroup;
			children = (
				4C2F044E2A3F8B250006410E /* Constants */,
				4C2F04422A3BFE220006410E /* Components */,
				4CADA1DF2A394A3400ADBD1A /* Base */,
				4CADA1DE2A394A2400ADBD1A /* Extensions */,
			);
			name = Comuns;
			path = DStoreApp/Comuns;
			sourceTree = SOURCE_ROOT;
		};
		4CADA1DE2A394A2400ADBD1A /* Extensions */ = {
			isa = PBXGroup;
			children = (
				4CADA1E62A394B0200ADBD1A /* UIViewController+Extension.swift */,
				4CF1B12F2A3AB04000456889 /* UICollectionViewCell+Extension.swift */,
				4CF1B1312A3B461B00456889 /* UIImageView+Extension.swift */,
				4C2F04512A3F99270006410E /* String+Extension.swift */,
				4C2F04532A3F99550006410E /* Dictionary+Extensions.swift */,
				4C2F04552A3F9A870006410E /* NSAttributedString+Extension.swift */,
				4C2F04592A3F9CE20006410E /* UIColor+Extension.swift */,
			);
			path = Extensions;
			sourceTree = "<group>";
		};
		4CADA1DF2A394A3400ADBD1A /* Base */ = {
			isa = PBXGroup;
			children = (
				4CADA1E02A394A4300ADBD1A /* BaseViewModel.swift */,
				4CADA1E22A394A4C00ADBD1A /* BaseView.swift */,
				4CADA1E42A394ACD00ADBD1A /* HasCustomView.swift */,
			);
			path = Base;
			sourceTree = "<group>";
		};
		4CADA1F12A39500F00ADBD1A /* App */ = {
			isa = PBXGroup;
			children = (
				4CADA1972A38FC5700ADBD1A /* LaunchScreen.storyboard */,
				4CADA18C2A38FC5400ADBD1A /* AppDelegate.swift */,
			);
			path = App;
			sourceTree = "<group>";
		};
		4CADA1F82A39506A00ADBD1A /* Resources */ = {
			isa = PBXGroup;
			children = (
				4C2F04A92A409CD80006410E /* Localizable */,
				4CADA19A2A38FC5700ADBD1A /* Info.plist */,
				4CADA1952A38FC5700ADBD1A /* Assets.xcassets */,
				4C2F04572A3F9C980006410E /* Colors.xcassets */,
			);
			path = Resources;
			sourceTree = "<group>";
		};
		4CF1B1122A3A3F6B00456889 /* Models */ = {
			isa = PBXGroup;
			children = (
				4CF1B1242A3A530700456889 /* Enums */,
				4CF1B1132A3A415600456889 /* Store.swift */,
				4CF1B1152A3A46DD00456889 /* Product.swift */,
				4CF1B1172A3A46EA00456889 /* Spotlight.swift */,
				4CF1B1192A3A46F600456889 /* Cash.swift */,
			);
			path = Models;
			sourceTree = "<group>";
		};
		4CF1B11B2A3A4C8000456889 /* Network */ = {
			isa = PBXGroup;
			children = (
				4CF1B1272A3AA20C00456889 /* Constants */,
				4CF1B11F2A3A4CA300456889 /* Managers */,
				4CF1B11E2A3A4C9C00456889 /* Repositories */,
			);
			path = Network;
			sourceTree = "<group>";
		};
		4CF1B11E2A3A4C9C00456889 /* Repositories */ = {
			isa = PBXGroup;
			children = (
				4CF1B1202A3A521400456889 /* StoreRepository.swift */,
			);
			path = Repositories;
			sourceTree = "<group>";
		};
		4CF1B11F2A3A4CA300456889 /* Managers */ = {
			isa = PBXGroup;
			children = (
				4CF1B1222A3A524800456889 /* NetworkManager.swift */,
			);
			path = Managers;
			sourceTree = "<group>";
		};
		4CF1B1242A3A530700456889 /* Enums */ = {
			isa = PBXGroup;
			children = (
				4CF1B1252A3A531800456889 /* NetworkErrors.swift */,
			);
			path = Enums;
			sourceTree = "<group>";
		};
		4CF1B1272A3AA20C00456889 /* Constants */ = {
			isa = PBXGroup;
			children = (
				4CF1B1282A3AA21900456889 /* ApiConstants.swift */,
			);
			path = Constants;
			sourceTree = "<group>";
		};
		4CF1B12A2A3AAE6400456889 /* Cell */ = {
			isa = PBXGroup;
			children = (
				4CF1B12B2A3AAE7A00456889 /* SpotlightCollectionViewCell.swift */,
				4CF1B12D2A3AAE8D00456889 /* ProductCollectionViewCell.swift */,
			);
			path = Cell;
			sourceTree = "<group>";
		};
		776C1126C337C945B2D05F2F /* Frameworks */ = {
			isa = PBXGroup;
			children = (
				7B9CDFF25BC459E55CFEA949 /* Pods_DStoreApp.framework */,
				D2FAB65207435AD2EE05B3FE /* Pods_DStoreApp_DStoreAppUITests.framework */,
				FCDB533A0A34BC1B080A4BBF /* Pods_DStoreAppTests.framework */,
			);
			name = Frameworks;
			sourceTree = "<group>";
		};
/* End PBXGroup section */

/* Begin PBXNativeTarget section */
		4CADA1882A38FC5400ADBD1A /* DStoreApp */ = {
			isa = PBXNativeTarget;
			buildConfigurationList = 4CADA1B32A38FC5700ADBD1A /* Build configuration list for PBXNativeTarget "DStoreApp" */;
			buildPhases = (
				5A252D06FEA36E2EA0684395 /* [CP] Check Pods Manifest.lock */,
				4CADA1852A38FC5400ADBD1A /* Sources */,
				4CADA1862A38FC5400ADBD1A /* Frameworks */,
				4CADA1872A38FC5400ADBD1A /* Resources */,
				E1712E9027ABDFD50917CD13 /* [CP] Embed Pods Frameworks */,
			);
			buildRules = (
			);
			dependencies = (
			);
			name = DStoreApp;
			productName = DStoreApp;
			productReference = 4CADA1892A38FC5400ADBD1A /* DStoreApp.app */;
			productType = "com.apple.product-type.application";
		};
		4CADA19E2A38FC5700ADBD1A /* DStoreAppTests */ = {
			isa = PBXNativeTarget;
			buildConfigurationList = 4CADA1B62A38FC5700ADBD1A /* Build configuration list for PBXNativeTarget "DStoreAppTests" */;
			buildPhases = (
				49FBCD700F36EA27BC8847B3 /* [CP] Check Pods Manifest.lock */,
				4CADA19B2A38FC5700ADBD1A /* Sources */,
				4CADA19C2A38FC5700ADBD1A /* Frameworks */,
				4CADA19D2A38FC5700ADBD1A /* Resources */,
			);
			buildRules = (
			);
			dependencies = (
				4CADA1A12A38FC5700ADBD1A /* PBXTargetDependency */,
			);
			name = DStoreAppTests;
			productName = DStoreAppTests;
			productReference = 4CADA19F2A38FC5700ADBD1A /* DStoreAppTests.xctest */;
			productType = "com.apple.product-type.bundle.unit-test";
		};
		4CADA1A82A38FC5700ADBD1A /* DStoreAppUITests */ = {
			isa = PBXNativeTarget;
			buildConfigurationList = 4CADA1B92A38FC5700ADBD1A /* Build configuration list for PBXNativeTarget "DStoreAppUITests" */;
			buildPhases = (
				A7B01890ADA232A4180DB24C /* [CP] Check Pods Manifest.lock */,
				4CADA1A52A38FC5700ADBD1A /* Sources */,
				4CADA1A62A38FC5700ADBD1A /* Frameworks */,
				4CADA1A72A38FC5700ADBD1A /* Resources */,
				91374A0000AE7437F418AF28 /* [CP] Embed Pods Frameworks */,
			);
			buildRules = (
			);
			dependencies = (
				4CADA1AB2A38FC5700ADBD1A /* PBXTargetDependency */,
			);
			name = DStoreAppUITests;
			productName = DStoreAppUITests;
			productReference = 4CADA1A92A38FC5700ADBD1A /* DStoreAppUITests.xctest */;
			productType = "com.apple.product-type.bundle.ui-testing";
		};
/* End PBXNativeTarget section */

/* Begin PBXProject section */
		4CADA1812A38FC5400ADBD1A /* Project object */ = {
			isa = PBXProject;
			attributes = {
				BuildIndependentTargetsInParallel = 1;
				LastSwiftUpdateCheck = 1420;
				LastUpgradeCheck = 1420;
				TargetAttributes = {
					4CADA1882A38FC5400ADBD1A = {
						CreatedOnToolsVersion = 14.2;
					};
					4CADA19E2A38FC5700ADBD1A = {
						CreatedOnToolsVersion = 14.2;
						TestTargetID = 4CADA1882A38FC5400ADBD1A;
					};
					4CADA1A82A38FC5700ADBD1A = {
						CreatedOnToolsVersion = 14.2;
						TestTargetID = 4CADA1882A38FC5400ADBD1A;
					};
				};
			};
			buildConfigurationList = 4CADA1842A38FC5400ADBD1A /* Build configuration list for PBXProject "DStoreApp" */;
			compatibilityVersion = "Xcode 14.0";
			developmentRegion = en;
			hasScannedForEncodings = 0;
			knownRegions = (
				en,
				Base,
				"pt-BR",
			);
			mainGroup = 4CADA1802A38FC5400ADBD1A;
			productRefGroup = 4CADA18A2A38FC5400ADBD1A /* Products */;
			projectDirPath = "";
			projectRoot = "";
			targets = (
				4CADA1882A38FC5400ADBD1A /* DStoreApp */,
				4CADA19E2A38FC5700ADBD1A /* DStoreAppTests */,
				4CADA1A82A38FC5700ADBD1A /* DStoreAppUITests */,
			);
		};
/* End PBXProject section */

/* Begin PBXResourcesBuildPhase section */
		4CADA1872A38FC5400ADBD1A /* Resources */ = {
			isa = PBXResourcesBuildPhase;
			buildActionMask = 2147483647;
			files = (
				4C2F04B12A409D2B0006410E /* Localizable.strings in Resources */,
				4C2F04582A3F9C980006410E /* Colors.xcassets in Resources */,
				4C2F04AC2A409D160006410E /* Localizable.strings in Resources */,
				4CADA1992A38FC5700ADBD1A /* LaunchScreen.storyboard in Resources */,
				4CADA1962A38FC5700ADBD1A /* Assets.xcassets in Resources */,
			);
			runOnlyForDeploymentPostprocessing = 0;
		};
		4CADA19D2A38FC5700ADBD1A /* Resources */ = {
			isa = PBXResourcesBuildPhase;
			buildActionMask = 2147483647;
			files = (
			);
			runOnlyForDeploymentPostprocessing = 0;
		};
		4CADA1A72A38FC5700ADBD1A /* Resources */ = {
			isa = PBXResourcesBuildPhase;
			buildActionMask = 2147483647;
			files = (
			);
			runOnlyForDeploymentPostprocessing = 0;
		};
/* End PBXResourcesBuildPhase section */

/* Begin PBXShellScriptBuildPhase section */
		49FBCD700F36EA27BC8847B3 /* [CP] Check Pods Manifest.lock */ = {
			isa = PBXShellScriptBuildPhase;
			buildActionMask = 2147483647;
			files = (
			);
			inputFileListPaths = (
			);
			inputPaths = (
				"${PODS_PODFILE_DIR_PATH}/Podfile.lock",
				"${PODS_ROOT}/Manifest.lock",
			);
			name = "[CP] Check Pods Manifest.lock";
			outputFileListPaths = (
			);
			outputPaths = (
				"$(DERIVED_FILE_DIR)/Pods-DStoreAppTests-checkManifestLockResult.txt",
			);
			runOnlyForDeploymentPostprocessing = 0;
			shellPath = /bin/sh;
			shellScript = "diff \"${PODS_PODFILE_DIR_PATH}/Podfile.lock\" \"${PODS_ROOT}/Manifest.lock\" > /dev/null\nif [ $? != 0 ] ; then\n    # print error to STDERR\n    echo \"error: The sandbox is not in sync with the Podfile.lock. Run 'pod install' or update your CocoaPods installation.\" >&2\n    exit 1\nfi\n# This output is used by Xcode 'outputs' to avoid re-running this script phase.\necho \"SUCCESS\" > \"${SCRIPT_OUTPUT_FILE_0}\"\n";
			showEnvVarsInLog = 0;
		};
		5A252D06FEA36E2EA0684395 /* [CP] Check Pods Manifest.lock */ = {
			isa = PBXShellScriptBuildPhase;
			buildActionMask = 2147483647;
			files = (
			);
			inputFileListPaths = (
			);
			inputPaths = (
				"${PODS_PODFILE_DIR_PATH}/Podfile.lock",
				"${PODS_ROOT}/Manifest.lock",
			);
			name = "[CP] Check Pods Manifest.lock";
			outputFileListPaths = (
			);
			outputPaths = (
				"$(DERIVED_FILE_DIR)/Pods-DStoreApp-checkManifestLockResult.txt",
			);
			runOnlyForDeploymentPostprocessing = 0;
			shellPath = /bin/sh;
			shellScript = "diff \"${PODS_PODFILE_DIR_PATH}/Podfile.lock\" \"${PODS_ROOT}/Manifest.lock\" > /dev/null\nif [ $? != 0 ] ; then\n    # print error to STDERR\n    echo \"error: The sandbox is not in sync with the Podfile.lock. Run 'pod install' or update your CocoaPods installation.\" >&2\n    exit 1\nfi\n# This output is used by Xcode 'outputs' to avoid re-running this script phase.\necho \"SUCCESS\" > \"${SCRIPT_OUTPUT_FILE_0}\"\n";
			showEnvVarsInLog = 0;
		};
		91374A0000AE7437F418AF28 /* [CP] Embed Pods Frameworks */ = {
			isa = PBXShellScriptBuildPhase;
			buildActionMask = 2147483647;
			files = (
			);
			inputFileListPaths = (
				"${PODS_ROOT}/Target Support Files/Pods-DStoreApp-DStoreAppUITests/Pods-DStoreApp-DStoreAppUITests-frameworks-${CONFIGURATION}-input-files.xcfilelist",
			);
			name = "[CP] Embed Pods Frameworks";
			outputFileListPaths = (
				"${PODS_ROOT}/Target Support Files/Pods-DStoreApp-DStoreAppUITests/Pods-DStoreApp-DStoreAppUITests-frameworks-${CONFIGURATION}-output-files.xcfilelist",
			);
			runOnlyForDeploymentPostprocessing = 0;
			shellPath = /bin/sh;
			shellScript = "\"${PODS_ROOT}/Target Support Files/Pods-DStoreApp-DStoreAppUITests/Pods-DStoreApp-DStoreAppUITests-frameworks.sh\"\n";
			showEnvVarsInLog = 0;
		};
		A7B01890ADA232A4180DB24C /* [CP] Check Pods Manifest.lock */ = {
			isa = PBXShellScriptBuildPhase;
			buildActionMask = 2147483647;
			files = (
			);
			inputFileListPaths = (
			);
			inputPaths = (
				"${PODS_PODFILE_DIR_PATH}/Podfile.lock",
				"${PODS_ROOT}/Manifest.lock",
			);
			name = "[CP] Check Pods Manifest.lock";
			outputFileListPaths = (
			);
			outputPaths = (
				"$(DERIVED_FILE_DIR)/Pods-DStoreApp-DStoreAppUITests-checkManifestLockResult.txt",
			);
			runOnlyForDeploymentPostprocessing = 0;
			shellPath = /bin/sh;
			shellScript = "diff \"${PODS_PODFILE_DIR_PATH}/Podfile.lock\" \"${PODS_ROOT}/Manifest.lock\" > /dev/null\nif [ $? != 0 ] ; then\n    # print error to STDERR\n    echo \"error: The sandbox is not in sync with the Podfile.lock. Run 'pod install' or update your CocoaPods installation.\" >&2\n    exit 1\nfi\n# This output is used by Xcode 'outputs' to avoid re-running this script phase.\necho \"SUCCESS\" > \"${SCRIPT_OUTPUT_FILE_0}\"\n";
			showEnvVarsInLog = 0;
		};
		E1712E9027ABDFD50917CD13 /* [CP] Embed Pods Frameworks */ = {
			isa = PBXShellScriptBuildPhase;
			buildActionMask = 2147483647;
			files = (
			);
			inputFileListPaths = (
				"${PODS_ROOT}/Target Support Files/Pods-DStoreApp/Pods-DStoreApp-frameworks-${CONFIGURATION}-input-files.xcfilelist",
			);
			name = "[CP] Embed Pods Frameworks";
			outputFileListPaths = (
				"${PODS_ROOT}/Target Support Files/Pods-DStoreApp/Pods-DStoreApp-frameworks-${CONFIGURATION}-output-files.xcfilelist",
			);
			runOnlyForDeploymentPostprocessing = 0;
			shellPath = /bin/sh;
			shellScript = "\"${PODS_ROOT}/Target Support Files/Pods-DStoreApp/Pods-DStoreApp-frameworks.sh\"\n";
			showEnvVarsInLog = 0;
		};
/* End PBXShellScriptBuildPhase section */

/* Begin PBXSourcesBuildPhase section */
		4CADA1852A38FC5400ADBD1A /* Sources */ = {
			isa = PBXSourcesBuildPhase;
			buildActionMask = 2147483647;
			files = (
				4CADA1E72A394B0200ADBD1A /* UIViewController+Extension.swift in Sources */,
				4CADA1F52A39505900ADBD1A /* HomeViewModel.swift in Sources */,
				4CF1B1262A3A531800456889 /* NetworkErrors.swift in Sources */,
				4CADA1E52A394ACD00ADBD1A /* HasCustomView.swift in Sources */,
				4CF1B1292A3AA21900456889 /* ApiConstants.swift in Sources */,
				4C2F04722A3FEE4E0006410E /* AlertView.swift in Sources */,
				4CF1B1142A3A415600456889 /* Store.swift in Sources */,
				4C2F04472A3C09FE0006410E /* DetailItemView.swift in Sources */,
				4C2F045A2A3F9CE20006410E /* UIColor+Extension.swift in Sources */,
				4CF1B11A2A3A46F600456889 /* Cash.swift in Sources */,
				4C2F04522A3F99270006410E /* String+Extension.swift in Sources */,
				4CADA18D2A38FC5400ADBD1A /* AppDelegate.swift in Sources */,
				4CADA1E32A394A4C00ADBD1A /* BaseView.swift in Sources */,
				4CADA1F72A39505900ADBD1A /* HomeView.swift in Sources */,
				4CF1B1322A3B461B00456889 /* UIImageView+Extension.swift in Sources */,
				4CF1B12C2A3AAE7A00456889 /* SpotlightCollectionViewCell.swift in Sources */,
				4CF1B1162A3A46DD00456889 /* Product.swift in Sources */,
				4C2F04702A3FEE460006410E /* AlertViewController.swift in Sources */,
				4CF1B12E2A3AAE8D00456889 /* ProductCollectionViewCell.swift in Sources */,
				4CADA1F62A39505900ADBD1A /* HomeViewController.swift in Sources */,
				4CF1B1232A3A524800456889 /* NetworkManager.swift in Sources */,
				4C2F04562A3F9A870006410E /* NSAttributedString+Extension.swift in Sources */,
				4C2F04492A3C0A060006410E /* DetailItemViewController.swift in Sources */,
				4CF1B1182A3A46EA00456889 /* Spotlight.swift in Sources */,
				4C2F04502A3F8B2F0006410E /* AppCosntants.swift in Sources */,
				4CF1B1302A3AB04000456889 /* UICollectionViewCell+Extension.swift in Sources */,
				4CADA1E12A394A4300ADBD1A /* BaseViewModel.swift in Sources */,
				4C2F04542A3F99550006410E /* Dictionary+Extensions.swift in Sources */,
				4CF1B1212A3A521400456889 /* StoreRepository.swift in Sources */,
				4C2F04442A3BFE3B0006410E /* CashTitleBanner.swift in Sources */,
			);
			runOnlyForDeploymentPostprocessing = 0;
		};
		4CADA19B2A38FC5700ADBD1A /* Sources */ = {
			isa = PBXSourcesBuildPhase;
			buildActionMask = 2147483647;
			files = (
				4CADA1A42A38FC5700ADBD1A /* DStoreAppTests.swift in Sources */,
			);
			runOnlyForDeploymentPostprocessing = 0;
		};
		4CADA1A52A38FC5700ADBD1A /* Sources */ = {
			isa = PBXSourcesBuildPhase;
			buildActionMask = 2147483647;
			files = (
				4CADA1AE2A38FC5700ADBD1A /* DStoreAppUITests.swift in Sources */,
				4CADA1B02A38FC5700ADBD1A /* DStoreAppUITestsLaunchTests.swift in Sources */,
			);
			runOnlyForDeploymentPostprocessing = 0;
		};
/* End PBXSourcesBuildPhase section */

/* Begin PBXTargetDependency section */
		4CADA1A12A38FC5700ADBD1A /* PBXTargetDependency */ = {
			isa = PBXTargetDependency;
			target = 4CADA1882A38FC5400ADBD1A /* DStoreApp */;
			targetProxy = 4CADA1A02A38FC5700ADBD1A /* PBXContainerItemProxy */;
		};
		4CADA1AB2A38FC5700ADBD1A /* PBXTargetDependency */ = {
			isa = PBXTargetDependency;
			target = 4CADA1882A38FC5400ADBD1A /* DStoreApp */;
			targetProxy = 4CADA1AA2A38FC5700ADBD1A /* PBXContainerItemProxy */;
		};
/* End PBXTargetDependency section */

/* Begin PBXVariantGroup section */
		4C2F04AE2A409D160006410E /* Localizable.strings */ = {
			isa = PBXVariantGroup;
			children = (
				4C2F04AD2A409D160006410E /* en */,
			);
			name = Localizable.strings;
			sourceTree = "<group>";
		};
		4C2F04B32A409D2B0006410E /* Localizable.strings */ = {
			isa = PBXVariantGroup;
			children = (
				4C2F04B22A409D2B0006410E /* pt-BR */,
			);
			name = Localizable.strings;
			sourceTree = "<group>";
		};
		4CADA1972A38FC5700ADBD1A /* LaunchScreen.storyboard */ = {
			isa = PBXVariantGroup;
			children = (
				4CADA1982A38FC5700ADBD1A /* Base */,
				4C2F04A82A409C710006410E /* pt-BR */,
			);
			name = LaunchScreen.storyboard;
			sourceTree = "<group>";
		};
/* End PBXVariantGroup section */

/* Begin XCBuildConfiguration section */
		4CADA1B12A38FC5700ADBD1A /* Debug */ = {
			isa = XCBuildConfiguration;
			buildSettings = {
				ALWAYS_SEARCH_USER_PATHS = NO;
				CLANG_ANALYZER_LOCALIZABILITY_NONLOCALIZED = YES;
				CLANG_ANALYZER_NONNULL = YES;
				CLANG_ANALYZER_NUMBER_OBJECT_CONVERSION = YES_AGGRESSIVE;
				CLANG_CXX_LANGUAGE_STANDARD = "gnu++20";
				CLANG_ENABLE_MODULES = YES;
				CLANG_ENABLE_OBJC_ARC = YES;
				CLANG_ENABLE_OBJC_WEAK = YES;
				CLANG_WARN_BLOCK_CAPTURE_AUTORELEASING = YES;
				CLANG_WARN_BOOL_CONVERSION = YES;
				CLANG_WARN_COMMA = YES;
				CLANG_WARN_CONSTANT_CONVERSION = YES;
				CLANG_WARN_DEPRECATED_OBJC_IMPLEMENTATIONS = YES;
				CLANG_WARN_DIRECT_OBJC_ISA_USAGE = YES_ERROR;
				CLANG_WARN_DOCUMENTATION_COMMENTS = YES;
				CLANG_WARN_EMPTY_BODY = YES;
				CLANG_WARN_ENUM_CONVERSION = YES;
				CLANG_WARN_INFINITE_RECURSION = YES;
				CLANG_WARN_INT_CONVERSION = YES;
				CLANG_WARN_NON_LITERAL_NULL_CONVERSION = YES;
				CLANG_WARN_OBJC_IMPLICIT_RETAIN_SELF = YES;
				CLANG_WARN_OBJC_LITERAL_CONVERSION = YES;
				CLANG_WARN_OBJC_ROOT_CLASS = YES_ERROR;
				CLANG_WARN_QUOTED_INCLUDE_IN_FRAMEWORK_HEADER = YES;
				CLANG_WARN_RANGE_LOOP_ANALYSIS = YES;
				CLANG_WARN_STRICT_PROTOTYPES = YES;
				CLANG_WARN_SUSPICIOUS_MOVE = YES;
				CLANG_WARN_UNGUARDED_AVAILABILITY = YES_AGGRESSIVE;
				CLANG_WARN_UNREACHABLE_CODE = YES;
				CLANG_WARN__DUPLICATE_METHOD_MATCH = YES;
				COPY_PHASE_STRIP = NO;
				DEBUG_INFORMATION_FORMAT = dwarf;
				ENABLE_STRICT_OBJC_MSGSEND = YES;
				ENABLE_TESTABILITY = YES;
				GCC_C_LANGUAGE_STANDARD = gnu11;
				GCC_DYNAMIC_NO_PIC = NO;
				GCC_NO_COMMON_BLOCKS = YES;
				GCC_OPTIMIZATION_LEVEL = 0;
				GCC_PREPROCESSOR_DEFINITIONS = (
					"DEBUG=1",
					"$(inherited)",
				);
				GCC_WARN_64_TO_32_BIT_CONVERSION = YES;
				GCC_WARN_ABOUT_RETURN_TYPE = YES_ERROR;
				GCC_WARN_UNDECLARED_SELECTOR = YES;
				GCC_WARN_UNINITIALIZED_AUTOS = YES_AGGRESSIVE;
				GCC_WARN_UNUSED_FUNCTION = YES;
				GCC_WARN_UNUSED_VARIABLE = YES;
				IPHONEOS_DEPLOYMENT_TARGET = 12.0;
				MTL_ENABLE_DEBUG_INFO = INCLUDE_SOURCE;
				MTL_FAST_MATH = YES;
				ONLY_ACTIVE_ARCH = YES;
				SDKROOT = iphoneos;
				SWIFT_ACTIVE_COMPILATION_CONDITIONS = DEBUG;
				SWIFT_OPTIMIZATION_LEVEL = "-Onone";
			};
			name = Debug;
		};
		4CADA1B22A38FC5700ADBD1A /* Release */ = {
			isa = XCBuildConfiguration;
			buildSettings = {
				ALWAYS_SEARCH_USER_PATHS = NO;
				CLANG_ANALYZER_LOCALIZABILITY_NONLOCALIZED = YES;
				CLANG_ANALYZER_NONNULL = YES;
				CLANG_ANALYZER_NUMBER_OBJECT_CONVERSION = YES_AGGRESSIVE;
				CLANG_CXX_LANGUAGE_STANDARD = "gnu++20";
				CLANG_ENABLE_MODULES = YES;
				CLANG_ENABLE_OBJC_ARC = YES;
				CLANG_ENABLE_OBJC_WEAK = YES;
				CLANG_WARN_BLOCK_CAPTURE_AUTORELEASING = YES;
				CLANG_WARN_BOOL_CONVERSION = YES;
				CLANG_WARN_COMMA = YES;
				CLANG_WARN_CONSTANT_CONVERSION = YES;
				CLANG_WARN_DEPRECATED_OBJC_IMPLEMENTATIONS = YES;
				CLANG_WARN_DIRECT_OBJC_ISA_USAGE = YES_ERROR;
				CLANG_WARN_DOCUMENTATION_COMMENTS = YES;
				CLANG_WARN_EMPTY_BODY = YES;
				CLANG_WARN_ENUM_CONVERSION = YES;
				CLANG_WARN_INFINITE_RECURSION = YES;
				CLANG_WARN_INT_CONVERSION = YES;
				CLANG_WARN_NON_LITERAL_NULL_CONVERSION = YES;
				CLANG_WARN_OBJC_IMPLICIT_RETAIN_SELF = YES;
				CLANG_WARN_OBJC_LITERAL_CONVERSION = YES;
				CLANG_WARN_OBJC_ROOT_CLASS = YES_ERROR;
				CLANG_WARN_QUOTED_INCLUDE_IN_FRAMEWORK_HEADER = YES;
				CLANG_WARN_RANGE_LOOP_ANALYSIS = YES;
				CLANG_WARN_STRICT_PROTOTYPES = YES;
				CLANG_WARN_SUSPICIOUS_MOVE = YES;
				CLANG_WARN_UNGUARDED_AVAILABILITY = YES_AGGRESSIVE;
				CLANG_WARN_UNREACHABLE_CODE = YES;
				CLANG_WARN__DUPLICATE_METHOD_MATCH = YES;
				COPY_PHASE_STRIP = NO;
				DEBUG_INFORMATION_FORMAT = "dwarf-with-dsym";
				ENABLE_NS_ASSERTIONS = NO;
				ENABLE_STRICT_OBJC_MSGSEND = YES;
				GCC_C_LANGUAGE_STANDARD = gnu11;
				GCC_NO_COMMON_BLOCKS = YES;
				GCC_WARN_64_TO_32_BIT_CONVERSION = YES;
				GCC_WARN_ABOUT_RETURN_TYPE = YES_ERROR;
				GCC_WARN_UNDECLARED_SELECTOR = YES;
				GCC_WARN_UNINITIALIZED_AUTOS = YES_AGGRESSIVE;
				GCC_WARN_UNUSED_FUNCTION = YES;
				GCC_WARN_UNUSED_VARIABLE = YES;
				IPHONEOS_DEPLOYMENT_TARGET = 12.0;
				MTL_ENABLE_DEBUG_INFO = NO;
				MTL_FAST_MATH = YES;
				SDKROOT = iphoneos;
				SWIFT_COMPILATION_MODE = wholemodule;
				SWIFT_OPTIMIZATION_LEVEL = "-O";
				VALIDATE_PRODUCT = YES;
			};
			name = Release;
		};
		4CADA1B42A38FC5700ADBD1A /* Debug */ = {
			isa = XCBuildConfiguration;
			baseConfigurationReference = EC04CAE0F9F8D6E8FC49D548 /* Pods-DStoreApp.debug.xcconfig */;
			buildSettings = {
				ASSETCATALOG_COMPILER_APPICON_NAME = AppIcon;
				ASSETCATALOG_COMPILER_GLOBAL_ACCENT_COLOR_NAME = AccentColor;
				CODE_SIGN_STYLE = Automatic;
				CURRENT_PROJECT_VERSION = 1;
				DEVELOPMENT_TEAM = 942K95C3D9;
				GENERATE_INFOPLIST_FILE = YES;
				INFOPLIST_FILE = DStoreApp/Resources/Info.plist;
				INFOPLIST_KEY_UIApplicationSupportsIndirectInputEvents = YES;
				INFOPLIST_KEY_UILaunchStoryboardName = LaunchScreen;
				INFOPLIST_KEY_UISupportedInterfaceOrientations = UIInterfaceOrientationPortrait;
				INFOPLIST_KEY_UISupportedInterfaceOrientations_iPad = "UIInterfaceOrientationLandscapeLeft UIInterfaceOrientationLandscapeRight UIInterfaceOrientationPortrait UIInterfaceOrientationPortraitUpsideDown";
				LD_RUNPATH_SEARCH_PATHS = (
					"$(inherited)",
					"@executable_path/Frameworks",
				);
				MARKETING_VERSION = 1.0;
				PRODUCT_BUNDLE_IDENTIFIER = br.com.caio.DStoreApp;
				PRODUCT_NAME = "$(TARGET_NAME)";
				SUPPORTED_PLATFORMS = "iphoneos iphonesimulator";
				SUPPORTS_MACCATALYST = NO;
				SUPPORTS_MAC_DESIGNED_FOR_IPHONE_IPAD = NO;
				SWIFT_EMIT_LOC_STRINGS = YES;
				SWIFT_VERSION = 5.0;
				TARGETED_DEVICE_FAMILY = 1;
			};
			name = Debug;
		};
		4CADA1B52A38FC5700ADBD1A /* Release */ = {
			isa = XCBuildConfiguration;
			baseConfigurationReference = C21A067FB1A6EA57445F1F51 /* Pods-DStoreApp.release.xcconfig */;
			buildSettings = {
				ASSETCATALOG_COMPILER_APPICON_NAME = AppIcon;
				ASSETCATALOG_COMPILER_GLOBAL_ACCENT_COLOR_NAME = AccentColor;
				CODE_SIGN_STYLE = Automatic;
				CURRENT_PROJECT_VERSION = 1;
				DEVELOPMENT_TEAM = 942K95C3D9;
				GENERATE_INFOPLIST_FILE = YES;
				INFOPLIST_FILE = DStoreApp/Resources/Info.plist;
				INFOPLIST_KEY_UIApplicationSupportsIndirectInputEvents = YES;
				INFOPLIST_KEY_UILaunchStoryboardName = LaunchScreen;
				INFOPLIST_KEY_UISupportedInterfaceOrientations = UIInterfaceOrientationPortrait;
				INFOPLIST_KEY_UISupportedInterfaceOrientations_iPad = "UIInterfaceOrientationLandscapeLeft UIInterfaceOrientationLandscapeRight UIInterfaceOrientationPortrait UIInterfaceOrientationPortraitUpsideDown";
				LD_RUNPATH_SEARCH_PATHS = (
					"$(inherited)",
					"@executable_path/Frameworks",
				);
				MARKETING_VERSION = 1.0;
				PRODUCT_BUNDLE_IDENTIFIER = br.com.caio.DStoreApp;
				PRODUCT_NAME = "$(TARGET_NAME)";
				SUPPORTED_PLATFORMS = "iphoneos iphonesimulator";
				SUPPORTS_MACCATALYST = NO;
				SUPPORTS_MAC_DESIGNED_FOR_IPHONE_IPAD = NO;
				SWIFT_EMIT_LOC_STRINGS = YES;
				SWIFT_VERSION = 5.0;
				TARGETED_DEVICE_FAMILY = 1;
			};
			name = Release;
		};
		4CADA1B72A38FC5700ADBD1A /* Debug */ = {
			isa = XCBuildConfiguration;
			baseConfigurationReference = B3C988E30CE07F2AA62D7CEB /* Pods-DStoreAppTests.debug.xcconfig */;
			buildSettings = {
				ALWAYS_EMBED_SWIFT_STANDARD_LIBRARIES = YES;
				BUNDLE_LOADER = "$(TEST_HOST)";
				CODE_SIGN_STYLE = Automatic;
				CURRENT_PROJECT_VERSION = 1;
				DEVELOPMENT_TEAM = 942K95C3D9;
				GENERATE_INFOPLIST_FILE = YES;
				IPHONEOS_DEPLOYMENT_TARGET = 16.2;
				MARKETING_VERSION = 1.0;
				PRODUCT_BUNDLE_IDENTIFIER = br.com.caio.DStoreAppTests;
				PRODUCT_NAME = "$(TARGET_NAME)";
				SWIFT_EMIT_LOC_STRINGS = NO;
				SWIFT_VERSION = 5.0;
				TARGETED_DEVICE_FAMILY = "1,2";
				TEST_HOST = "$(BUILT_PRODUCTS_DIR)/DStoreApp.app/$(BUNDLE_EXECUTABLE_FOLDER_PATH)/DStoreApp";
			};
			name = Debug;
		};
		4CADA1B82A38FC5700ADBD1A /* Release */ = {
			isa = XCBuildConfiguration;
			baseConfigurationReference = 41F4429C4B794451D5D588FF /* Pods-DStoreAppTests.release.xcconfig */;
			buildSettings = {
				ALWAYS_EMBED_SWIFT_STANDARD_LIBRARIES = YES;
				BUNDLE_LOADER = "$(TEST_HOST)";
				CODE_SIGN_STYLE = Automatic;
				CURRENT_PROJECT_VERSION = 1;
				DEVELOPMENT_TEAM = 942K95C3D9;
				GENERATE_INFOPLIST_FILE = YES;
				IPHONEOS_DEPLOYMENT_TARGET = 16.2;
				MARKETING_VERSION = 1.0;
				PRODUCT_BUNDLE_IDENTIFIER = br.com.caio.DStoreAppTests;
				PRODUCT_NAME = "$(TARGET_NAME)";
				SWIFT_EMIT_LOC_STRINGS = NO;
				SWIFT_VERSION = 5.0;
				TARGETED_DEVICE_FAMILY = "1,2";
				TEST_HOST = "$(BUILT_PRODUCTS_DIR)/DStoreApp.app/$(BUNDLE_EXECUTABLE_FOLDER_PATH)/DStoreApp";
			};
			name = Release;
		};
		4CADA1BA2A38FC5700ADBD1A /* Debug */ = {
			isa = XCBuildConfiguration;
			baseConfigurationReference = 6CA4BCD17F89732AC03202FB /* Pods-DStoreApp-DStoreAppUITests.debug.xcconfig */;
			buildSettings = {
				ALWAYS_EMBED_SWIFT_STANDARD_LIBRARIES = YES;
				CODE_SIGN_STYLE = Automatic;
				CURRENT_PROJECT_VERSION = 1;
				DEVELOPMENT_TEAM = 942K95C3D9;
				GENERATE_INFOPLIST_FILE = YES;
				MARKETING_VERSION = 1.0;
				PRODUCT_BUNDLE_IDENTIFIER = br.com.caio.DStoreAppUITests;
				PRODUCT_NAME = "$(TARGET_NAME)";
				SWIFT_EMIT_LOC_STRINGS = NO;
				SWIFT_VERSION = 5.0;
				TARGETED_DEVICE_FAMILY = "1,2";
				TEST_TARGET_NAME = DStoreApp;
			};
			name = Debug;
		};
		4CADA1BB2A38FC5700ADBD1A /* Release */ = {
			isa = XCBuildConfiguration;
			baseConfigurationReference = BB26E311DA9FD004FCD74EBF /* Pods-DStoreApp-DStoreAppUITests.release.xcconfig */;
			buildSettings = {
				ALWAYS_EMBED_SWIFT_STANDARD_LIBRARIES = YES;
				CODE_SIGN_STYLE = Automatic;
				CURRENT_PROJECT_VERSION = 1;
				DEVELOPMENT_TEAM = 942K95C3D9;
				GENERATE_INFOPLIST_FILE = YES;
				MARKETING_VERSION = 1.0;
				PRODUCT_BUNDLE_IDENTIFIER = br.com.caio.DStoreAppUITests;
				PRODUCT_NAME = "$(TARGET_NAME)";
				SWIFT_EMIT_LOC_STRINGS = NO;
				SWIFT_VERSION = 5.0;
				TARGETED_DEVICE_FAMILY = "1,2";
				TEST_TARGET_NAME = DStoreApp;
			};
			name = Release;
		};
/* End XCBuildConfiguration section */

/* Begin XCConfigurationList section */
		4CADA1842A38FC5400ADBD1A /* Build configuration list for PBXProject "DStoreApp" */ = {
			isa = XCConfigurationList;
			buildConfigurations = (
				4CADA1B12A38FC5700ADBD1A /* Debug */,
				4CADA1B22A38FC5700ADBD1A /* Release */,
			);
			defaultConfigurationIsVisible = 0;
			defaultConfigurationName = Release;
		};
		4CADA1B32A38FC5700ADBD1A /* Build configuration list for PBXNativeTarget "DStoreApp" */ = {
			isa = XCConfigurationList;
			buildConfigurations = (
				4CADA1B42A38FC5700ADBD1A /* Debug */,
				4CADA1B52A38FC5700ADBD1A /* Release */,
			);
			defaultConfigurationIsVisible = 0;
			defaultConfigurationName = Release;
		};
		4CADA1B62A38FC5700ADBD1A /* Build configuration list for PBXNativeTarget "DStoreAppTests" */ = {
			isa = XCConfigurationList;
			buildConfigurations = (
				4CADA1B72A38FC5700ADBD1A /* Debug */,
				4CADA1B82A38FC5700ADBD1A /* Release */,
			);
			defaultConfigurationIsVisible = 0;
			defaultConfigurationName = Release;
		};
		4CADA1B92A38FC5700ADBD1A /* Build configuration list for PBXNativeTarget "DStoreAppUITests" */ = {
			isa = XCConfigurationList;
			buildConfigurations = (
				4CADA1BA2A38FC5700ADBD1A /* Debug */,
				4CADA1BB2A38FC5700ADBD1A /* Release */,
			);
			defaultConfigurationIsVisible = 0;
			defaultConfigurationName = Release;
		};
/* End XCConfigurationList section */
	};
	rootObject = 4CADA1812A38FC5400ADBD1A /* Project object */;
}
